<?xml version="1.0" encoding="utf-8"?>
<Project ToolsVersion="4.0" xmlns="http://schemas.microsoft.com/developer/msbuild/2003">
  <ItemGroup>
    <ClCompile Include="main.cpp">
      <Filter>src</Filter>
    </ClCompile>
  </ItemGroup>
  <ItemGroup>
    <ClInclude Include="..\..\lab3.2\lab3.2\dynamic_array.hpp">
      <Filter>src</Filter>
    </ClInclude>
    <ClInclude Include="..\..\lab3.2\lab3.2\Sequence.hpp">
      <Filter>src</Filter>
    </ClInclude>
    <ClInclude Include="graph.hpp">
      <Filter>src</Filter>
    </ClInclude>
    <ClInclude Include="..\..\lab3.2\lab3.2\avl.hpp">
      <Filter>src</Filter>
    </ClInclude>
    <ClInclude Include="..\..\lab3.2\lab3.2\dictionary.hpp">
      <Filter>src</Filter>
    </ClInclude>
    <ClInclude Include="Pair.hpp">
      <Filter>src</Filter>
    </ClInclude>
    <ClInclude Include="array_sequence.hpp">
      <Filter>src</Filter>
    </ClInclude>
  </ItemGroup>
  <ItemGroup>
    <Filter Include="src">
      <UniqueIdentifier>{448e9a93-3789-4df7-9425-04ce78f6932e}</UniqueIdentifier>
    </Filter>
  </ItemGroup>
  <ItemGroup>
    <None Include="packages.config" />
  </ItemGroup>
</Project>